
Microsoft Visual Studio Solution File, Format Version 12.00
# Visual Studio 15
VisualStudioVersion = 15.0.27703.2035
MinimumVisualStudioVersion = 10.0.40219.1
Project("{FAE04EC0-301F-11D3-BF4B-00C04F79EFBC}") = "UWPCameraApp", "UWPCameraApp\UWPCameraApp.csproj", "{90F435AE-82FF-47DC-8DB9-02F16DC546C4}"
EndProject
Global
	GlobalSection(SolutionConfigurationPlatforms) = preSolution
		Debug|ARM = Debug|ARM
		Debug|x64 = Debug|x64
		Debug|x86 = Debug|x86
		Release|ARM = Release|ARM
		Release|x64 = Release|x64
		Release|x86 = Release|x86
	EndGlobalSection
	GlobalSection(ProjectConfigurationPlatforms) = postSolution
		{90F435AE-82FF-47DC-8DB9-02F16DC546C4}.Debug|ARM.ActiveCfg = Debug|ARM
		{90F435AE-82FF-47DC-8DB9-02F16DC546C4}.Debug|ARM.Build.0 = Debug|ARM
		{90F435AE-82FF-47DC-8DB9-02F16DC546C4}.Debug|ARM.Deploy.0 = Debug|ARM
		{90F435AE-82FF-47DC-8DB9-02F16DC546C4}.Debug|x64.ActiveCfg = Debug|x64
		{90F435AE-82FF-47DC-8DB9-02F16DC546C4}.Debug|x64.Build.0 = Debug|x64
		{90F435AE-82FF-47DC-8DB9-02F16DC546C4}.Debug|x64.Deploy.0 = Debug|x64
		{90F435AE-82FF-47DC-8DB9-02F16DC546C4}.Debug|x86.ActiveCfg = Debug|x86
		{90F435AE-82FF-47DC-8DB9-02F16DC546C4}.Debug|x86.Build.0 = Debug|x86
		{90F435AE-82FF-47DC-8DB9-02F16DC546C4}.Debug|x86.Deploy.0 = Debug|x86
		{90F435AE-82FF-47DC-8DB9-02F16DC546C4}.Release|ARM.ActiveCfg = Release|ARM
		{90F435AE-82FF-47DC-8DB9-02F16DC546C4}.Release|ARM.Build.0 = Release|ARM
		{90F435AE-82FF-47DC-8DB9-02F16DC546C4}.Release|ARM.Deploy.0 = Release|ARM
		{90F435AE-82FF-47DC-8DB9-02F16DC546C4}.Release|x64.ActiveCfg = Release|x64
		{90F435AE-82FF-47DC-8DB9-02F16DC546C4}.Release|x64.Build.0 = Release|x64
		{90F435AE-82FF-47DC-8DB9-02F16DC546C4}.Release|x64.Deploy.0 = Release|x64
		{90F435AE-82FF-47DC-8DB9-02F16DC546C4}.Release|x86.ActiveCfg = Release|x86
		{90F435AE-82FF-47DC-8DB9-02F16DC546C4}.Release|x86.Build.0 = Release|x86
		{90F435AE-82FF-47DC-8DB9-02F16DC546C4}.Release|x86.Deploy.0 = Release|x86
	EndGlobalSection
	GlobalSection(SolutionProperties) = preSolution
		HideSolutionNode = FALSE
	EndGlobalSection
	GlobalSection(ExtensibilityGlobals) = postSolution
		SolutionGuid = {296A916A-8839-4552-9FBA-299708670E02}
	EndGlobalSection
EndGlobal
